{
  "name": "Record-Room-AI",
  "lockfileVersion": 3,
  "requires": true,
  "packages": {
    "": {
      "dependencies": {
        "better-sqlite3": "file:vendor/better-sqlite3"
      },
      "devDependencies": {}
    },
    "node_modules/better-sqlite3": {
      "resolved": "vendor/better-sqlite3",
      "link": true
    },
    "vendor/better-sqlite3": {
      "version": "0.0.0-record-room-local"
    }
  }
}
